
Microsoft Visual Studio Solution File, Format Version 12.00
# Visual Studio Version 17
VisualStudioVersion = 17.9.34723.18
MinimumVisualStudioVersion = 10.0.40219.1
Project("{FAE04EC0-301F-11D3-BF4B-00C04F79EFBC}") = "Assignment3", "Assignment3.csproj", "{ED8B0A78-0C30-4BF3-961D-9A7C636081CB}"
EndProject
Global
	GlobalSection(SolutionConfigurationPlatforms) = preSolution
		Debug|Any CPU = Debug|Any CPU
		Release|Any CPU = Release|Any CPU
	EndGlobalSection
	GlobalSection(ProjectConfigurationPlatforms) = postSolution
		{ED8B0A78-0C30-4BF3-961D-9A7C636081CB}.Debug|Any CPU.ActiveCfg = Debug|Any CPU
		{ED8B0A78-0C30-4BF3-961D-9A7C636081CB}.Debug|Any CPU.Build.0 = Debug|Any CPU
		{ED8B0A78-0C30-4BF3-961D-9A7C636081CB}.Release|Any CPU.ActiveCfg = Release|Any CPU
		{ED8B0A78-0C30-4BF3-961D-9A7C636081CB}.Release|Any CPU.Build.0 = Release|Any CPU
	EndGlobalSection
	GlobalSection(SolutionProperties) = preSolution
		HideSolutionNode = FALSE
	EndGlobalSection
	GlobalSection(ExtensibilityGlobals) = postSolution
		SolutionGuid = {926CFC9A-D36D-461B-95BB-38BBBF9F65FA}
	EndGlobalSection
EndGlobal
